
Microsoft Visual Studio Solution File, Format Version 12.00
# Visual Studio 15
VisualStudioVersion = 15.0.27130.2036
MinimumVisualStudioVersion = 10.0.40219.1
Project("{FAE04EC0-301F-11D3-BF4B-00C04F79EFBC}") = "SecurePasswordGenerator", "SecurePasswordGenerator\SecurePasswordGenerator.csproj", "{F83E1FD6-4E2B-49A5-A9C0-B73F7D66F4D2}"
EndProject
Project("{840C416C-B8F3-42BC-B0DD-F6BB14C9F8CB}") = "SecurePasswordGeneratorInstaller", "SecurePasswordGeneratorInstaller\SecurePasswordGeneratorInstaller.aiproj", "{E95B6223-964C-43D4-A8D0-CB719B981336}"
EndProject
Global
	GlobalSection(SolutionConfigurationPlatforms) = preSolution
		Debug|Any CPU = Debug|Any CPU
		DefaultBuild|Any CPU = DefaultBuild|Any CPU
		Release|Any CPU = Release|Any CPU
	EndGlobalSection
	GlobalSection(ProjectConfigurationPlatforms) = postSolution
		{F83E1FD6-4E2B-49A5-A9C0-B73F7D66F4D2}.Debug|Any CPU.ActiveCfg = Debug|Any CPU
		{F83E1FD6-4E2B-49A5-A9C0-B73F7D66F4D2}.Debug|Any CPU.Build.0 = Debug|Any CPU
		{F83E1FD6-4E2B-49A5-A9C0-B73F7D66F4D2}.DefaultBuild|Any CPU.ActiveCfg = Debug|Any CPU
		{F83E1FD6-4E2B-49A5-A9C0-B73F7D66F4D2}.DefaultBuild|Any CPU.Build.0 = Debug|Any CPU
		{F83E1FD6-4E2B-49A5-A9C0-B73F7D66F4D2}.Release|Any CPU.ActiveCfg = Release|Any CPU
		{F83E1FD6-4E2B-49A5-A9C0-B73F7D66F4D2}.Release|Any CPU.Build.0 = Release|Any CPU
		{E95B6223-964C-43D4-A8D0-CB719B981336}.Debug|Any CPU.ActiveCfg = DefaultBuild
		{E95B6223-964C-43D4-A8D0-CB719B981336}.Debug|Any CPU.Build.0 = DefaultBuild
		{E95B6223-964C-43D4-A8D0-CB719B981336}.DefaultBuild|Any CPU.ActiveCfg = DefaultBuild
		{E95B6223-964C-43D4-A8D0-CB719B981336}.DefaultBuild|Any CPU.Build.0 = DefaultBuild
		{E95B6223-964C-43D4-A8D0-CB719B981336}.Release|Any CPU.ActiveCfg = DefaultBuild
		{E95B6223-964C-43D4-A8D0-CB719B981336}.Release|Any CPU.Build.0 = DefaultBuild
	EndGlobalSection
	GlobalSection(SolutionProperties) = preSolution
		HideSolutionNode = FALSE
	EndGlobalSection
	GlobalSection(ExtensibilityGlobals) = postSolution
		SolutionGuid = {0497D5D5-9B66-4B6D-997D-CEB9CCABA8FE}
	EndGlobalSection
EndGlobal
